
Microsoft Visual Studio Solution File, Format Version 12.00
# Visual Studio 15
VisualStudioVersion = 15.0.27130.2010
MinimumVisualStudioVersion = 10.0.40219.1
Project("{F184B08F-C81C-45F6-A57F-5ABD9991F28F}") = "Unibridge", "Unibridge\Unibridge.vbproj", "{7AD81DA9-C3C4-416B-AB53-64624BBFDE3E}"
EndProject
Global
	GlobalSection(SolutionConfigurationPlatforms) = preSolution
		Debug|Any CPU = Debug|Any CPU
		Release|Any CPU = Release|Any CPU
	EndGlobalSection
	GlobalSection(ProjectConfigurationPlatforms) = postSolution
		{7AD81DA9-C3C4-416B-AB53-64624BBFDE3E}.Debug|Any CPU.ActiveCfg = Debug|Any CPU
		{7AD81DA9-C3C4-416B-AB53-64624BBFDE3E}.Debug|Any CPU.Build.0 = Debug|Any CPU
		{7AD81DA9-C3C4-416B-AB53-64624BBFDE3E}.Release|Any CPU.ActiveCfg = Release|Any CPU
		{7AD81DA9-C3C4-416B-AB53-64624BBFDE3E}.Release|Any CPU.Build.0 = Release|Any CPU
	EndGlobalSection
	GlobalSection(SolutionProperties) = preSolution
		HideSolutionNode = FALSE
	EndGlobalSection
	GlobalSection(ExtensibilityGlobals) = postSolution
		SolutionGuid = {2B817468-22F6-4A2F-AD71-8992F2283EAD}
	EndGlobalSection
EndGlobal
